
Microsoft Visual Studio Solution File, Format Version 12.00
# Visual Studio Version 17
VisualStudioVersion = 17.9.34622.214
MinimumVisualStudioVersion = 10.0.40219.1
Project("{FAE04EC0-301F-11D3-BF4B-00C04F79EFBC}") = "Rift.GG", "Rift.GG\Rift.GG.csproj", "{A8C2007B-9433-43BF-88EA-2A0E9B1D6F31}"
EndProject
Global
	GlobalSection(SolutionConfigurationPlatforms) = preSolution
		Debug|Any CPU = Debug|Any CPU
		Release|Any CPU = Release|Any CPU
	EndGlobalSection
	GlobalSection(ProjectConfigurationPlatforms) = postSolution
		{A8C2007B-9433-43BF-88EA-2A0E9B1D6F31}.Debug|Any CPU.ActiveCfg = Debug|Any CPU
		{A8C2007B-9433-43BF-88EA-2A0E9B1D6F31}.Debug|Any CPU.Build.0 = Debug|Any CPU
		{A8C2007B-9433-43BF-88EA-2A0E9B1D6F31}.Release|Any CPU.ActiveCfg = Release|Any CPU
		{A8C2007B-9433-43BF-88EA-2A0E9B1D6F31}.Release|Any CPU.Build.0 = Release|Any CPU
	EndGlobalSection
	GlobalSection(SolutionProperties) = preSolution
		HideSolutionNode = FALSE
	EndGlobalSection
	GlobalSection(ExtensibilityGlobals) = postSolution
		SolutionGuid = {A91F9E0D-2C78-4C7C-928F-11177316B65A}
	EndGlobalSection
EndGlobal
